schema: '2.0'
stages:
  data_ingestion:
    cmd: python src/data_ingestion.py
    deps:
    - path: src/data_ingestion.py
      hash: md5
      md5: 05064a8b7a98c22c72b3ff1df4afe2e6
      size: 3922
    params:
      params.yaml:
        data_ingestion.test_size: 0.15
    outs:
    - path: data/raw
      hash: md5
      md5: a15ba66afdf82f8659b031b175286ed3.dir
      size: 484846
      nfiles: 2
  data_preprocessing:
    cmd: python src/data_preprocessing.py
    deps:
    - path: data/raw
      hash: md5
      md5: a15ba66afdf82f8659b031b175286ed3.dir
      size: 484846
      nfiles: 2
    - path: src/data_preprocessing.py
      hash: md5
      md5: 17dccc2ca221882e6bfdb4824b9628d1
      size: 3754
    outs:
    - path: data/interim
      hash: md5
      md5: 249780e78996ad76440b978d2bfee4e9.dir
      size: 274297
      nfiles: 2
  feature_engineering:
    cmd: python src/feature_engineering.py
    deps:
    - path: data/interim
      hash: md5
      md5: 249780e78996ad76440b978d2bfee4e9.dir
      size: 274297
      nfiles: 2
    - path: src/feature_engineering.py
      hash: md5
      md5: 9a3c17b2b6e04fc9c05b1599a29b2171
      size: 4190
    params:
      params.yaml:
        feature_engineering.max_features: 45
    outs:
    - path: data/processed
      hash: md5
      md5: 3fb8d63387c35f223caab9abdfc5efe2.dir
      size: 1065535
      nfiles: 2
  model_building:
    cmd: python src/model_building.py
    deps:
    - path: data/processed
      hash: md5
      md5: 3fb8d63387c35f223caab9abdfc5efe2.dir
      size: 1065535
      nfiles: 2
    - path: src/model_building.py
      hash: md5
      md5: 62257d89f4d7dfb76cc9bdbbef7f681d
      size: 4407
    params:
      params.yaml:
        model_building.n_estimators: 20
        model_building.random_state: 2
    outs:
    - path: models/model.pkl
      hash: md5
      md5: 56a329568a235849669dcdb240399508
      size: 797622
  model_evaluation:
    cmd: python src/model_evaluation.py
    deps:
    - path: models/model.pkl
      hash: md5
      md5: 56a329568a235849669dcdb240399508
      size: 797622
    - path: src/model_evaluation.py
      hash: md5
      md5: 28494fb20a98ba56c633933ec291d913
      size: 3540
    outs:
    - path: reports/metrics.json
      hash: md5
      md5: 93feeb8153b8512a756ee3e3b5e299ea
      size: 145
