schema: '2.0'
stages:
  data_ingestion:
    cmd: python src/data_ingestion.py
    deps:
    - path: src/data_ingestion.py
      hash: md5
      md5: 05064a8b7a98c22c72b3ff1df4afe2e6
      size: 3922
    params:
      params.yaml:
        data_ingestion.test_size: 0.3
    outs:
    - path: data/raw
      hash: md5
      md5: d26befd2dda9438254177d9000d9ba1f.dir
      size: 484846
      nfiles: 2
  data_preprocessing:
    cmd: python src/data_preprocessing.py
    deps:
    - path: data/raw
      hash: md5
      md5: d26befd2dda9438254177d9000d9ba1f.dir
      size: 484846
      nfiles: 2
    - path: src/data_preprocessing.py
      hash: md5
      md5: 17dccc2ca221882e6bfdb4824b9628d1
      size: 3754
    outs:
    - path: data/interim
      hash: md5
      md5: 0f81b7dbcfb162cb3319f3457a7033b9.dir
      size: 278006
      nfiles: 2
  feature_engineering:
    cmd: python src/feature_engineering.py
    deps:
    - path: data/interim
      hash: md5
      md5: 0f81b7dbcfb162cb3319f3457a7033b9.dir
      size: 278006
      nfiles: 2
    - path: src/feature_engineering.py
      hash: md5
      md5: 9a3c17b2b6e04fc9c05b1599a29b2171
      size: 4190
    params:
      params.yaml:
        feature_engineering.max_features: 50
    outs:
    - path: data/processed
      hash: md5
      md5: 3de19c34079fecad43d29356310d54b5.dir
      size: 1190157
      nfiles: 2
  model_building:
    cmd: python src/model_building.py
    deps:
    - path: data/processed
      hash: md5
      md5: 3de19c34079fecad43d29356310d54b5.dir
      size: 1190157
      nfiles: 2
    - path: src/model_building.py
      hash: md5
      md5: 62257d89f4d7dfb76cc9bdbbef7f681d
      size: 4407
    params:
      params.yaml:
        model_building.n_estimators: 25
        model_building.random_state: 2
    outs:
    - path: models/model.pkl
      hash: md5
      md5: 23861cecca8d1c269829cfb85d6374e7
      size: 882135
  model_evaluation:
    cmd: python src/model_evaluation.py
    deps:
    - path: models/model.pkl
      hash: md5
      md5: 23861cecca8d1c269829cfb85d6374e7
      size: 882135
    - path: src/model_evaluation.py
      hash: md5
      md5: 8fb0ee92e934660abf7b947bfd0fdb8f
      size: 4544
    outs:
    - path: reports/metrics.json
      hash: md5
      md5: 93077d1181196f90b1bb2fd41276cf7d
      size: 145
